
Microsoft Visual Studio Solution File, Format Version 12.00
# Visual Studio Version 17
VisualStudioVersion = 17.11.35312.102
MinimumVisualStudioVersion = 10.0.40219.1
Project("{FAE04EC0-301F-11D3-BF4B-00C04F79EFBC}") = "MauiApp1TempoAgora", "MauiApp1TempoAgora\MauiApp1TempoAgora.csproj", "{BEB88BDE-0A19-4CD0-94B5-B42B4D004EE2}"
EndProject
Global
	GlobalSection(SolutionConfigurationPlatforms) = preSolution
		Debug|Any CPU = Debug|Any CPU
		Release|Any CPU = Release|Any CPU
	EndGlobalSection
	GlobalSection(ProjectConfigurationPlatforms) = postSolution
		{BEB88BDE-0A19-4CD0-94B5-B42B4D004EE2}.Debug|Any CPU.ActiveCfg = Debug|Any CPU
		{BEB88BDE-0A19-4CD0-94B5-B42B4D004EE2}.Debug|Any CPU.Build.0 = Debug|Any CPU
		{BEB88BDE-0A19-4CD0-94B5-B42B4D004EE2}.Debug|Any CPU.Deploy.0 = Debug|Any CPU
		{BEB88BDE-0A19-4CD0-94B5-B42B4D004EE2}.Release|Any CPU.ActiveCfg = Release|Any CPU
		{BEB88BDE-0A19-4CD0-94B5-B42B4D004EE2}.Release|Any CPU.Build.0 = Release|Any CPU
		{BEB88BDE-0A19-4CD0-94B5-B42B4D004EE2}.Release|Any CPU.Deploy.0 = Release|Any CPU
	EndGlobalSection
	GlobalSection(SolutionProperties) = preSolution
		HideSolutionNode = FALSE
	EndGlobalSection
	GlobalSection(ExtensibilityGlobals) = postSolution
		SolutionGuid = {AA69AC15-E6BC-4182-801C-2D39116CC785}
	EndGlobalSection
EndGlobal
